# generated by rye
# use `rye lock` or `rye sync` to update this lockfile
#
# last locked with the following flags:
#   pre: false
#   features: []
#   all-features: false
#   with-sources: false
#   generate-hashes: false
#   universal: true

-e file:.
appdirs==1.4.4
    # via lastversion
beautifulsoup4==4.12.3
    # via lastversion
build==1.2.2
    # via gvsbuild
cachecontrol==0.14.0
    # via lastversion
certifi==2024.8.30
    # via requests
charset-normalizer==3.3.2
    # via requests
click==8.1.7
    # via typer
colorama==0.4.6
    # via build
    # via click
    # via tqdm
distro==1.9.0
    # via lastversion
feedparser==6.0.11
    # via lastversion
filelock==3.16.1
    # via cachecontrol
idna==3.10
    # via requests
lastversion==3.5.6
    # via gvsbuild
markdown-it-py==3.0.0
    # via rich
mdurl==0.1.2
    # via markdown-it-py
msgpack==1.1.0
    # via cachecontrol
packaging==24.1
    # via build
    # via gvsbuild
    # via lastversion
pygments==2.18.0
    # via rich
pyproject-hooks==1.1.0
    # via build
python-dateutil==2.9.0.post0
    # via lastversion
pyyaml==6.0.2
    # via lastversion
requests==2.32.3
    # via cachecontrol
    # via lastversion
rich==13.8.1
    # via typer
sgmllib3k==1.0.0
    # via feedparser
shellingham==1.5.4
    # via typer
six==1.16.0
    # via python-dateutil
soupsieve==2.6
    # via beautifulsoup4
tqdm==4.66.5
    # via lastversion
typer==0.12.5
    # via gvsbuild
typing-extensions==4.12.2
    # via typer
urllib3==1.26.20
    # via lastversion
    # via requests
setuptools==75.1.0
    # via gvsbuild
